
Microsoft Visual Studio Solution File, Format Version 12.00
# Visual Studio Version 17
VisualStudioVersion = 17.2.32616.157
MinimumVisualStudioVersion = 10.0.40219.1
Project("{9A19103F-16F7-4668-BE54-9A1E7A4F7556}") = "TerminalWebApi", "TerminalWebApi\TerminalWebApi.csproj", "{9C02DA35-967A-4F86-93B4-4FEB230DC827}"
EndProject
Project("{9A19103F-16F7-4668-BE54-9A1E7A4F7556}") = "Terminal", "Terminal\Terminal.csproj", "{7DBB7B75-C4E7-4927-A4FB-34F299482B78}"
EndProject
Project("{FAE04EC0-301F-11D3-BF4B-00C04F79EFBC}") = "TerminalTests", "TerminalTests\TerminalTests.csproj", "{814300FD-3DAB-4401-AAEC-9F538A944EBE}"
EndProject
Project("{FAE04EC0-301F-11D3-BF4B-00C04F79EFBC}") = "TerminalDB", "TerminalDB\TerminalDB.csproj", "{5DA614DC-9209-41C2-8003-0AC90AFE9B66}"
EndProject
Global
	GlobalSection(SolutionConfigurationPlatforms) = preSolution
		Debug|Any CPU = Debug|Any CPU
		Release|Any CPU = Release|Any CPU
	EndGlobalSection
	GlobalSection(ProjectConfigurationPlatforms) = postSolution
		{9C02DA35-967A-4F86-93B4-4FEB230DC827}.Debug|Any CPU.ActiveCfg = Debug|Any CPU
		{9C02DA35-967A-4F86-93B4-4FEB230DC827}.Debug|Any CPU.Build.0 = Debug|Any CPU
		{9C02DA35-967A-4F86-93B4-4FEB230DC827}.Release|Any CPU.ActiveCfg = Release|Any CPU
		{9C02DA35-967A-4F86-93B4-4FEB230DC827}.Release|Any CPU.Build.0 = Release|Any CPU
		{7DBB7B75-C4E7-4927-A4FB-34F299482B78}.Debug|Any CPU.ActiveCfg = Debug|Any CPU
		{7DBB7B75-C4E7-4927-A4FB-34F299482B78}.Debug|Any CPU.Build.0 = Debug|Any CPU
		{7DBB7B75-C4E7-4927-A4FB-34F299482B78}.Release|Any CPU.ActiveCfg = Release|Any CPU
		{7DBB7B75-C4E7-4927-A4FB-34F299482B78}.Release|Any CPU.Build.0 = Release|Any CPU
		{814300FD-3DAB-4401-AAEC-9F538A944EBE}.Debug|Any CPU.ActiveCfg = Debug|Any CPU
		{814300FD-3DAB-4401-AAEC-9F538A944EBE}.Debug|Any CPU.Build.0 = Debug|Any CPU
		{814300FD-3DAB-4401-AAEC-9F538A944EBE}.Release|Any CPU.ActiveCfg = Release|Any CPU
		{814300FD-3DAB-4401-AAEC-9F538A944EBE}.Release|Any CPU.Build.0 = Release|Any CPU
		{5DA614DC-9209-41C2-8003-0AC90AFE9B66}.Debug|Any CPU.ActiveCfg = Debug|Any CPU
		{5DA614DC-9209-41C2-8003-0AC90AFE9B66}.Debug|Any CPU.Build.0 = Debug|Any CPU
		{5DA614DC-9209-41C2-8003-0AC90AFE9B66}.Release|Any CPU.ActiveCfg = Release|Any CPU
		{5DA614DC-9209-41C2-8003-0AC90AFE9B66}.Release|Any CPU.Build.0 = Release|Any CPU
	EndGlobalSection
	GlobalSection(SolutionProperties) = preSolution
		HideSolutionNode = FALSE
	EndGlobalSection
	GlobalSection(ExtensibilityGlobals) = postSolution
		SolutionGuid = {0BA88F30-0123-481B-BE1D-FB2DA2ACC49D}
	EndGlobalSection
EndGlobal
